{
    "_meta": {
        "hash": {
            "sha256": "d2b6539bcfc5006143033daed22713f3f899b531097e316277eb590988311857"
        },
        "pipfile-spec": 6,
        "requires": {
            "python_version": "3.7"
        },
        "sources": [
            {
                "name": "pypi",
                "url": "https://pypi.org/simple",
                "verify_ssl": true
            }
        ]
    },
    "default": {
        "affine": {
            "hashes": [
                "sha256:e5970e2e53edd75fee60eb2550df365a1c3a58d78755e9e5164e345ac36df322",
                "sha256:ff0d0f40a90faa651f7bc7fece15bdbb7a0e0658b1e7ba6a03422c21efa7da90"
            ],
            "version": "==2.2.2"
        },
        "attrs": {
            "hashes": [
                "sha256:69c0dbf2ed392de1cb5ec704444b08a5ef81680a61cb899dc08127123af36a79",
                "sha256:f0b870f674851ecbfbbbd364d6b5cbdff9dcedbc7f3f5e18a6891057f21fe399"
            ],
            "version": "==19.1.0"
        },
        "click": {
            "hashes": [
                "sha256:2335065e6395b9e67ca716de5f7526736bfa6ceead690adf616d925bdc622b13",
                "sha256:5b94b49521f6456670fdb30cd82a4eca9412788a93fa6dd6df72c94d5a8ff2d7"
            ],
            "version": "==7.0"
        },
        "click-plugins": {
            "hashes": [
                "sha256:46ab999744a9d831159c3411bb0c79346d94a444df9a3a3742e9ed63645f264b",
                "sha256:5d262006d3222f5057fd81e1623d4443e41dcda5dc815c06b442aa3c02889fc8"
            ],
            "version": "==1.1.1"
        },
        "cligj": {
            "hashes": [
                "sha256:20f24ce9abfde3f758aec3399e6811b936b6772f360846c662c19bf5537b4f14",
                "sha256:60c93dda4499562eb87509a8ff3535a7441053b766c9c26bcf874a732f939c7c",
                "sha256:6c7d52d529a78712491974f975c33473f430c0f7beb18c0d7a402a743dcb460a"
            ],
            "version": "==0.5.0"
        },
        "numpy": {
            "hashes": [
                "sha256:03e311b0a4c9f5755da7d52161280c6a78406c7be5c5cc7facfbcebb641efb7e",
                "sha256:0cdd229a53d2720d21175012ab0599665f8c9588b3b8ffa6095dd7b90f0691dd",
                "sha256:312bb18e95218bedc3563f26fcc9c1c6bfaaf9d453d15942c0839acdd7e4c473",
                "sha256:464b1c48baf49e8505b1bb754c47a013d2c305c5b14269b5c85ea0625b6a988a",
                "sha256:5adfde7bd3ee4864536e230bcab1c673f866736698724d5d28c11a4d63672658",
                "sha256:7724e9e31ee72389d522b88c0d4201f24edc34277999701ccd4a5392e7d8af61",
                "sha256:8d36f7c53ae741e23f54793ffefb2912340b800476eb0a831c6eb602e204c5c4",
                "sha256:910d2272403c2ea8a52d9159827dc9f7c27fb4b263749dca884e2e4a8af3b302",
                "sha256:951fefe2fb73f84c620bec4e001e80a80ddaa1b84dce244ded7f1e0cbe0ed34a",
                "sha256:9588c6b4157f493edeb9378788dcd02cb9e6a6aeaa518b511a1c79d06cbd8094",
                "sha256:9ce8300950f2f1d29d0e49c28ebfff0d2f1e2a7444830fbb0b913c7c08f31511",
                "sha256:be39cca66cc6806652da97103605c7b65ee4442c638f04ff064a7efd9a81d50a",
                "sha256:c3ab2d835b95ccb59d11dfcd56eb0480daea57cdf95d686d22eff35584bc4554",
                "sha256:eb0fc4a492cb896346c9e2c7a22eae3e766d407df3eb20f4ce027f23f76e4c54",
                "sha256:ec0c56eae6cee6299f41e780a0280318a93db519bbb2906103c43f3e2be1206c",
                "sha256:f4e4612de60a4f1c4d06c8c2857cdcb2b8b5289189a12053f37d3f41f06c60d0"
            ],
            "index": "pypi",
            "version": "==1.17.0"
        },
        "pyparsing": {
            "hashes": [
                "sha256:6f98a7b9397e206d78cc01df10131398f1c8b8510a2f4d97d9abd82e1aacdd80",
                "sha256:d9338df12903bbf5d65a0e4e87c2161968b10d2e489652bb47001d82a9b028b4"
            ],
            "version": "==2.4.2"
        },
        "rasterio": {
            "hashes": [
                "sha256:3d7fb7366f8378db2dbe8f6a6e1eaf7c5da5065fcfe854b203c1ad08f1ff40d2",
                "sha256:60b989bdf234958a0506735cf4a6f3f9aa38974bb4e8425dc64b8aa7d02c9b1a",
                "sha256:759b7ac026991f4f9a77dcb8d7bef3c3acdb9fe9c8d8e7584bdf392eda175633",
                "sha256:a45622f54a3facdd0a400dd3127dc725c0436fbfacfbc5e194731e8f8320a818",
                "sha256:a5f1c351d7848689e9227b3ac8db7923b67a7258b1eab8a70447e23f3e008c34",
                "sha256:e6962dd0656de24d92acf4a2d3c906931dff4b17fa2f0a42b4aaaa6f5588fd32",
                "sha256:ead190a6cbf42280736064da4cd1fd9125f14df571215a535cc3b4621ebf50dd",
                "sha256:ec8e1d2c54ccaa81ce68f8fa31fce53041670d008e6df25477b4762ebdfab063",
                "sha256:f821efe923098bd9b1792553a9f5282f6aefdb8fa638e7d966dbcdc50b6b0333"
            ],
            "index": "pypi",
            "version": "==1.0.25"
        },
        "snuggs": {
            "hashes": [
                "sha256:5ac04dadd8ba20e70ab2a0d565fe2e1a7347635aa2aaf3650d1551b1ef941994",
                "sha256:8b87e5754fd2d0d1295b70bd502419f6f82be98c4bf668552da9d7c5f4387d1f"
            ],
            "version": "==1.4.6"
        }
    },
    "develop": {}
}
